# This file is automatically @generated by Cargo.
# It is not intended for manual editing.
version = 4

[[package]]
name = "omc-cap"
version = "0.1.0"
dependencies = [
 "omc-format",
 "omc-taint",
]

[[package]]
name = "omc-demo"
version = "0.1.0"
dependencies = [
 "omc-cap",
 "omc-verify",
]

[[package]]
name = "omc-format"
version = "0.1.0"

[[package]]
name = "omc-taint"
version = "0.1.0"

[[package]]
name = "omc-verify"
version = "0.1.0"
dependencies = [
 "omc-cap",
 "omc-format",
 "omc-taint",
]

[[package]]
name = "omc-vm"
version = "0.1.0"
dependencies = [
 "omc-cap",
 "omc-format",
 "omc-taint",
]
